// !$*UTF8*$!
{
	archiveVersion = 1;
	classes = {
	};
	objectVersion = 46;
	objects = {

/* Begin PBXBuildFile section */
		067C52C61CCE634900B101AE /* DineSearch.xib in Resources */ = {isa = PBXBuildFile; fileRef = 067C52C51CCE634900B101AE /* DineSearch.xib */; };
		06D586A51CCE539F0038975B /* GroupSelectionController.xib in Resources */ = {isa = PBXBuildFile; fileRef = 06D586A41CCE539F0038975B /* GroupSelectionController.xib */; };
		47C126711CC4CFC000D346F9 /* AppDelegate.swift in Sources */ = {isa = PBXBuildFile; fileRef = 47C126701CC4CFC000D346F9 /* AppDelegate.swift */; };
		47C126731CC4CFC000D346F9 /* ViewController.swift in Sources */ = {isa = PBXBuildFile; fileRef = 47C126721CC4CFC000D346F9 /* ViewController.swift */; };
		47C126761CC4CFC000D346F9 /* Main.storyboard in Resources */ = {isa = PBXBuildFile; fileRef = 47C126741CC4CFC000D346F9 /* Main.storyboard */; };
		47C126781CC4CFC000D346F9 /* Assets.xcassets in Resources */ = {isa = PBXBuildFile; fileRef = 47C126771CC4CFC000D346F9 /* Assets.xcassets */; };
		47C1267B1CC4CFC000D346F9 /* LaunchScreen.storyboard in Resources */ = {isa = PBXBuildFile; fileRef = 47C126791CC4CFC000D346F9 /* LaunchScreen.storyboard */; };
		47C126861CC4CFC000D346F9 /* PT_4SwiftProjectTests.swift in Sources */ = {isa = PBXBuildFile; fileRef = 47C126851CC4CFC000D346F9 /* PT_4SwiftProjectTests.swift */; };
		47C126911CC4CFC000D346F9 /* PT_4SwiftProjectUITests.swift in Sources */ = {isa = PBXBuildFile; fileRef = 47C126901CC4CFC000D346F9 /* PT_4SwiftProjectUITests.swift */; };
/* End PBXBuildFile section */

/* Begin PBXContainerItemProxy section */
		47C126821CC4CFC000D346F9 /* PBXContainerItemProxy */ = {
			isa = PBXContainerItemProxy;
			containerPortal = 47C126651CC4CFC000D346F9 /* Project object */;
			proxyType = 1;
			remoteGlobalIDString = 47C1266C1CC4CFC000D346F9;
			remoteInfo = PT_4SwiftProject;
		};
		47C1268D1CC4CFC000D346F9 /* PBXContainerItemProxy */ = {
			isa = PBXContainerItemProxy;
			containerPortal = 47C126651CC4CFC000D346F9 /* Project object */;
			proxyType = 1;
			remoteGlobalIDString = 47C1266C1CC4CFC000D346F9;
			remoteInfo = PT_4SwiftProject;
		};
/* End PBXContainerItemProxy section */

/* Begin PBXFileReference section */
		067C52C51CCE634900B101AE /* DineSearch.xib */ = {isa = PBXFileReference; fileEncoding = 4; lastKnownFileType = file.xib; path = DineSearch.xib; sourceTree = "<group>"; };
		06D586A41CCE539F0038975B /* GroupSelectionController.xib */ = {isa = PBXFileReference; fileEncoding = 4; lastKnownFileType = file.xib; name = GroupSelectionController.xib; path = ../../../Documents/TagAlone/GroupSelectionController.xib; sourceTree = "<group>"; };
		47C1266D1CC4CFC000D346F9 /* PT_4SwiftProject.app */ = {isa = PBXFileReference; explicitFileType = wrapper.application; includeInIndex = 0; path = PT_4SwiftProject.app; sourceTree = BUILT_PRODUCTS_DIR; };
		47C126701CC4CFC000D346F9 /* AppDelegate.swift */ = {isa = PBXFileReference; lastKnownFileType = sourcecode.swift; path = AppDelegate.swift; sourceTree = "<group>"; };
		47C126721CC4CFC000D346F9 /* ViewController.swift */ = {isa = PBXFileReference; lastKnownFileType = sourcecode.swift; path = ViewController.swift; sourceTree = "<group>"; };
		47C126751CC4CFC000D346F9 /* Base */ = {isa = PBXFileReference; lastKnownFileType = file.storyboard; name = Base; path = Base.lproj/Main.storyboard; sourceTree = "<group>"; };
		47C126771CC4CFC000D346F9 /* Assets.xcassets */ = {isa = PBXFileReference; lastKnownFileType = folder.assetcatalog; path = Assets.xcassets; sourceTree = "<group>"; };
		47C1267A1CC4CFC000D346F9 /* Base */ = {isa = PBXFileReference; lastKnownFileType = file.storyboard; name = Base; path = Base.lproj/LaunchScreen.storyboard; sourceTree = "<group>"; };
		47C1267C1CC4CFC000D346F9 /* Info.plist */ = {isa = PBXFileReference; lastKnownFileType = text.plist.xml; path = Info.plist; sourceTree = "<group>"; };
		47C126811CC4CFC000D346F9 /* PT_4SwiftProjectTests.xctest */ = {isa = PBXFileReference; explicitFileType = wrapper.cfbundle; includeInIndex = 0; path = PT_4SwiftProjectTests.xctest; sourceTree = BUILT_PRODUCTS_DIR; };
		47C126851CC4CFC000D346F9 /* PT_4SwiftProjectTests.swift */ = {isa = PBXFileReference; lastKnownFileType = sourcecode.swift; path = PT_4SwiftProjectTests.swift; sourceTree = "<group>"; };
		47C126871CC4CFC000D346F9 /* Info.plist */ = {isa = PBXFileReference; lastKnownFileType = text.plist.xml; path = Info.plist; sourceTree = "<group>"; };
		47C1268C1CC4CFC000D346F9 /* PT_4SwiftProjectUITests.xctest */ = {isa = PBXFileReference; explicitFileType = wrapper.cfbundle; includeInIndex = 0; path = PT_4SwiftProjectUITests.xctest; sourceTree = BUILT_PRODUCTS_DIR; };
		47C126901CC4CFC000D346F9 /* PT_4SwiftProjectUITests.swift */ = {isa = PBXFileReference; lastKnownFileType = sourcecode.swift; path = PT_4SwiftProjectUITests.swift; sourceTree = "<group>"; };
		47C126921CC4CFC000D346F9 /* Info.plist */ = {isa = PBXFileReference; lastKnownFileType = text.plist.xml; path = Info.plist; sourceTree = "<group>"; };
/* End PBXFileReference section */

/* Begin PBXFrameworksBuildPhase section */
		47C1266A1CC4CFC000D346F9 /* Frameworks */ = {
			isa = PBXFrameworksBuildPhase;
			buildActionMask = 2147483647;
			files = (
			);
			runOnlyForDeploymentPostprocessing = 0;
		};
		47C1267E1CC4CFC000D346F9 /* Frameworks */ = {
			isa = PBXFrameworksBuildPhase;
			buildActionMask = 2147483647;
			files = (
			);
			runOnlyForDeploymentPostprocessing = 0;
		};
		47C126891CC4CFC000D346F9 /* Frameworks */ = {
			isa = PBXFrameworksBuildPhase;
			buildActionMask = 2147483647;
			files = (
			);
			runOnlyForDeploymentPostprocessing = 0;
		};
/* End PBXFrameworksBuildPhase section */

/* Begin PBXGroup section */
		47C126641CC4CFC000D346F9 = {
			isa = PBXGroup;
			children = (
				47C1266F1CC4CFC000D346F9 /* PT_4SwiftProject */,
				47C126841CC4CFC000D346F9 /* PT_4SwiftProjectTests */,
				47C1268F1CC4CFC000D346F9 /* PT_4SwiftProjectUITests */,
				47C1266E1CC4CFC000D346F9 /* Products */,
			);
			sourceTree = "<group>";
		};
		47C1266E1CC4CFC000D346F9 /* Products */ = {
			isa = PBXGroup;
			children = (
				47C1266D1CC4CFC000D346F9 /* PT_4SwiftProject.app */,
				47C126811CC4CFC000D346F9 /* PT_4SwiftProjectTests.xctest */,
				47C1268C1CC4CFC000D346F9 /* PT_4SwiftProjectUITests.xctest */,
			);
			name = Products;
			sourceTree = "<group>";
		};
		47C1266F1CC4CFC000D346F9 /* PT_4SwiftProject */ = {
			isa = PBXGroup;
			children = (
				067C52C51CCE634900B101AE /* DineSearch.xib */,
				06D586A41CCE539F0038975B /* GroupSelectionController.xib */,
				47C126701CC4CFC000D346F9 /* AppDelegate.swift */,
				47C126721CC4CFC000D346F9 /* ViewController.swift */,
				47C126741CC4CFC000D346F9 /* Main.storyboard */,
				47C126771CC4CFC000D346F9 /* Assets.xcassets */,
				47C126791CC4CFC000D346F9 /* LaunchScreen.storyboard */,
				47C1267C1CC4CFC000D346F9 /* Info.plist */,
			);
			path = PT_4SwiftProject;
			sourceTree = "<group>";
		};
		47C126841CC4CFC000D346F9 /* PT_4SwiftProjectTests */ = {
			isa = PBXGroup;
			children = (
				47C126851CC4CFC000D346F9 /* PT_4SwiftProjectTests.swift */,
				47C126871CC4CFC000D346F9 /* Info.plist */,
			);
			path = PT_4SwiftProjectTests;
			sourceTree = "<group>";
		};
		47C1268F1CC4CFC000D346F9 /* PT_4SwiftProjectUITests */ = {
			isa = PBXGroup;
			children = (
				47C126901CC4CFC000D346F9 /* PT_4SwiftProjectUITests.swift */,
				47C126921CC4CFC000D346F9 /* Info.plist */,
			);
			path = PT_4SwiftProjectUITests;
			sourceTree = "<group>";
		};
/* End PBXGroup section */

/* Begin PBXNativeTarget section */
		47C1266C1CC4CFC000D346F9 /* PT_4SwiftProject */ = {
			isa = PBXNativeTarget;
			buildConfigurationList = 47C126951CC4CFC000D346F9 /* Build configuration list for PBXNativeTarget "PT_4SwiftProject" */;
			buildPhases = (
				47C126691CC4CFC000D346F9 /* Sources */,
				47C1266A1CC4CFC000D346F9 /* Frameworks */,
				47C1266B1CC4CFC000D346F9 /* Resources */,
			);
			buildRules = (
			);
			dependencies = (
			);
			name = PT_4SwiftProject;
			productName = PT_4SwiftProject;
			productReference = 47C1266D1CC4CFC000D346F9 /* PT_4SwiftProject.app */;
			productType = "com.apple.product-type.application";
		};
		47C126801CC4CFC000D346F9 /* PT_4SwiftProjectTests */ = {
			isa = PBXNativeTarget;
			buildConfigurationList = 47C126981CC4CFC000D346F9 /* Build configuration list for PBXNativeTarget "PT_4SwiftProjectTests" */;
			buildPhases = (
				47C1267D1CC4CFC000D346F9 /* Sources */,
				47C1267E1CC4CFC000D346F9 /* Frameworks */,
				47C1267F1CC4CFC000D346F9 /* Resources */,
			);
			buildRules = (
			);
			dependencies = (
				47C126831CC4CFC000D346F9 /* PBXTargetDependency */,
			);
			name = PT_4SwiftProjectTests;
			productName = PT_4SwiftProjectTests;
			productReference = 47C126811CC4CFC000D346F9 /* PT_4SwiftProjectTests.xctest */;
			productType = "com.apple.product-type.bundle.unit-test";
		};
		47C1268B1CC4CFC000D346F9 /* PT_4SwiftProjectUITests */ = {
			isa = PBXNativeTarget;
			buildConfigurationList = 47C1269B1CC4CFC000D346F9 /* Build configuration list for PBXNativeTarget "PT_4SwiftProjectUITests" */;
			buildPhases = (
				47C126881CC4CFC000D346F9 /* Sources */,
				47C126891CC4CFC000D346F9 /* Frameworks */,
				47C1268A1CC4CFC000D346F9 /* Resources */,
			);
			buildRules = (
			);
			dependencies = (
				47C1268E1CC4CFC000D346F9 /* PBXTargetDependency */,
			);
			name = PT_4SwiftProjectUITests;
			productName = PT_4SwiftProjectUITests;
			productReference = 47C1268C1CC4CFC000D346F9 /* PT_4SwiftProjectUITests.xctest */;
			productType = "com.apple.product-type.bundle.ui-testing";
		};
/* End PBXNativeTarget section */

/* Begin PBXProject section */
		47C126651CC4CFC000D346F9 /* Project object */ = {
			isa = PBXProject;
			attributes = {
				LastSwiftUpdateCheck = 0730;
				LastUpgradeCheck = 0730;
				ORGANIZATIONNAME = sg.edu.nus.iss.wlad;
				TargetAttributes = {
					47C1266C1CC4CFC000D346F9 = {
						CreatedOnToolsVersion = 7.3;
					};
					47C126801CC4CFC000D346F9 = {
						CreatedOnToolsVersion = 7.3;
						TestTargetID = 47C1266C1CC4CFC000D346F9;
					};
					47C1268B1CC4CFC000D346F9 = {
						CreatedOnToolsVersion = 7.3;
						TestTargetID = 47C1266C1CC4CFC000D346F9;
					};
				};
			};
			buildConfigurationList = 47C126681CC4CFC000D346F9 /* Build configuration list for PBXProject "PT_4SwiftProject" */;
			compatibilityVersion = "Xcode 3.2";
			developmentRegion = English;
			hasScannedForEncodings = 0;
			knownRegions = (
				en,
				Base,
			);
			mainGroup = 47C126641CC4CFC000D346F9;
			productRefGroup = 47C1266E1CC4CFC000D346F9 /* Products */;
			projectDirPath = "";
			projectRoot = "";
			targets = (
				47C1266C1CC4CFC000D346F9 /* PT_4SwiftProject */,
				47C126801CC4CFC000D346F9 /* PT_4SwiftProjectTests */,
				47C1268B1CC4CFC000D346F9 /* PT_4SwiftProjectUITests */,
			);
		};
/* End PBXProject section */

/* Begin PBXResourcesBuildPhase section */
		47C1266B1CC4CFC000D346F9 /* Resources */ = {
			isa = PBXResourcesBuildPhase;
			buildActionMask = 2147483647;
			files = (
				06D586A51CCE539F0038975B /* GroupSelectionController.xib in Resources */,
				47C1267B1CC4CFC000D346F9 /* LaunchScreen.storyboard in Resources */,
				47C126781CC4CFC000D346F9 /* Assets.xcassets in Resources */,
				47C126761CC4CFC000D346F9 /* Main.storyboard in Resources */,
				067C52C61CCE634900B101AE /* DineSearch.xib in Resources */,
			);
			runOnlyForDeploymentPostprocessing = 0;
		};
		47C1267F1CC4CFC000D346F9 /* Resources */ = {
			isa = PBXResourcesBuildPhase;
			buildActionMask = 2147483647;
			files = (
			);
			runOnlyForDeploymentPostprocessing = 0;
		};
		47C1268A1CC4CFC000D346F9 /* Resources */ = {
			isa = PBXResourcesBuildPhase;
			buildActionMask = 2147483647;
			files = (
			);
			runOnlyForDeploymentPostprocessing = 0;
		};
/* End PBXResourcesBuildPhase section */

/* Begin PBXSourcesBuildPhase section */
		47C126691CC4CFC000D346F9 /* Sources */ = {
			isa = PBXSourcesBuildPhase;
			buildActionMask = 2147483647;
			files = (
				47C126731CC4CFC000D346F9 /* ViewController.swift in Sources */,
				47C126711CC4CFC000D346F9 /* AppDelegate.swift in Sources */,
			);
			runOnlyForDeploymentPostprocessing = 0;
		};
		47C1267D1CC4CFC000D346F9 /* Sources */ = {
			isa = PBXSourcesBuildPhase;
			buildActionMask = 2147483647;
			files = (
				47C126861CC4CFC000D346F9 /* PT_4SwiftProjectTests.swift in Sources */,
			);
			runOnlyForDeploymentPostprocessing = 0;
		};
		47C126881CC4CFC000D346F9 /* Sources */ = {
			isa = PBXSourcesBuildPhase;
			buildActionMask = 2147483647;
			files = (
				47C126911CC4CFC000D346F9 /* PT_4SwiftProjectUITests.swift in Sources */,
			);
			runOnlyForDeploymentPostprocessing = 0;
		};
/* End PBXSourcesBuildPhase section */

/* Begin PBXTargetDependency section */
		47C126831CC4CFC000D346F9 /* PBXTargetDependency */ = {
			isa = PBXTargetDependency;
			target = 47C1266C1CC4CFC000D346F9 /* PT_4SwiftProject */;
			targetProxy = 47C126821CC4CFC000D346F9 /* PBXContainerItemProxy */;
		};
		47C1268E1CC4CFC000D346F9 /* PBXTargetDependency */ = {
			isa = PBXTargetDependency;
			target = 47C1266C1CC4CFC000D346F9 /* PT_4SwiftProject */;
			targetProxy = 47C1268D1CC4CFC000D346F9 /* PBXContainerItemProxy */;
		};
/* End PBXTargetDependency section */

/* Begin PBXVariantGroup section */
		47C126741CC4CFC000D346F9 /* Main.storyboard */ = {
			isa = PBXVariantGroup;
			children = (
				47C126751CC4CFC000D346F9 /* Base */,
			);
			name = Main.storyboard;
			sourceTree = "<group>";
		};
		47C126791CC4CFC000D346F9 /* LaunchScreen.storyboard */ = {
			isa = PBXVariantGroup;
			children = (
				47C1267A1CC4CFC000D346F9 /* Base */,
			);
			name = LaunchScreen.storyboard;
			sourceTree = "<group>";
		};
/* End PBXVariantGroup section */

/* Begin XCBuildConfiguration section */
		47C126931CC4CFC000D346F9 /* Debug */ = {
			isa = XCBuildConfiguration;
			buildSettings = {
				ALWAYS_SEARCH_USER_PATHS = NO;
				CLANG_ANALYZER_NONNULL = YES;
				CLANG_CXX_LANGUAGE_STANDARD = "gnu++0x";
				CLANG_CXX_LIBRARY = "libc++";
				CLANG_ENABLE_MODULES = YES;
				CLANG_ENABLE_OBJC_ARC = YES;
				CLANG_WARN_BOOL_CONVERSION = YES;
				CLANG_WARN_CONSTANT_CONVERSION = YES;
				CLANG_WARN_DIRECT_OBJC_ISA_USAGE = YES_ERROR;
				CLANG_WARN_EMPTY_BODY = YES;
				CLANG_WARN_ENUM_CONVERSION = YES;
				CLANG_WARN_INT_CONVERSION = YES;
				CLANG_WARN_OBJC_ROOT_CLASS = YES_ERROR;
				CLANG_WARN_UNREACHABLE_CODE = YES;
				CLANG_WARN__DUPLICATE_METHOD_MATCH = YES;
				"CODE_SIGN_IDENTITY[sdk=iphoneos*]" = "iPhone Developer";
				COPY_PHASE_STRIP = NO;
				DEBUG_INFORMATION_FORMAT = dwarf;
				ENABLE_STRICT_OBJC_MSGSEND = YES;
				ENABLE_TESTABILITY = YES;
				GCC_C_LANGUAGE_STANDARD = gnu99;
				GCC_DYNAMIC_NO_PIC = NO;
				GCC_NO_COMMON_BLOCKS = YES;
				GCC_OPTIMIZATION_LEVEL = 0;
				GCC_PREPROCESSOR_DEFINITIONS = (
					"DEBUG=1",
					"$(inherited)",
				);
				GCC_WARN_64_TO_32_BIT_CONVERSION = YES;
				GCC_WARN_ABOUT_RETURN_TYPE = YES_ERROR;
				GCC_WARN_UNDECLARED_SELECTOR = YES;
				GCC_WARN_UNINITIALIZED_AUTOS = YES_AGGRESSIVE;
				GCC_WARN_UNUSED_FUNCTION = YES;
				GCC_WARN_UNUSED_VARIABLE = YES;
				IPHONEOS_DEPLOYMENT_TARGET = 9.3;
				MTL_ENABLE_DEBUG_INFO = YES;
				ONLY_ACTIVE_ARCH = YES;
				SDKROOT = iphoneos;
				SWIFT_OPTIMIZATION_LEVEL = "-Onone";
			};
			name = Debug;
		};
		47C126941CC4CFC000D346F9 /* Release */ = {
			isa = XCBuildConfiguration;
			buildSettings = {
				ALWAYS_SEARCH_USER_PATHS = NO;
				CLANG_ANALYZER_NONNULL = YES;
				CLANG_CXX_LANGUAGE_STANDARD = "gnu++0x";
				CLANG_CXX_LIBRARY = "libc++";
				CLANG_ENABLE_MODULES = YES;
				CLANG_ENABLE_OBJC_ARC = YES;
				CLANG_WARN_BOOL_CONVERSION = YES;
				CLANG_WARN_CONSTANT_CONVERSION = YES;
				CLANG_WARN_DIRECT_OBJC_ISA_USAGE = YES_ERROR;
				CLANG_WARN_EMPTY_BODY = YES;
				CLANG_WARN_ENUM_CONVERSION = YES;
				CLANG_WARN_INT_CONVERSION = YES;
				CLANG_WARN_OBJC_ROOT_CLASS = YES_ERROR;
				CLANG_WARN_UNREACHABLE_CODE = YES;
				CLANG_WARN__DUPLICATE_METHOD_MATCH = YES;
				"CODE_SIGN_IDENTITY[sdk=iphoneos*]" = "iPhone Developer";
				COPY_PHASE_STRIP = NO;
				DEBUG_INFORMATION_FORMAT = "dwarf-with-dsym";
				ENABLE_NS_ASSERTIONS = NO;
				ENABLE_STRICT_OBJC_MSGSEND = YES;
				GCC_C_LANGUAGE_STANDARD = gnu99;
				GCC_NO_COMMON_BLOCKS = YES;
				GCC_WARN_64_TO_32_BIT_CONVERSION = YES;
				GCC_WARN_ABOUT_RETURN_TYPE = YES_ERROR;
				GCC_WARN_UNDECLARED_SELECTOR = YES;
				GCC_WARN_UNINITIALIZED_AUTOS = YES_AGGRESSIVE;
				GCC_WARN_UNUSED_FUNCTION = YES;
				GCC_WARN_UNUSED_VARIABLE = YES;
				IPHONEOS_DEPLOYMENT_TARGET = 9.3;
				MTL_ENABLE_DEBUG_INFO = NO;
				SDKROOT = iphoneos;
				VALIDATE_PRODUCT = YES;
			};
			name = Release;
		};
		47C126961CC4CFC000D346F9 /* Debug */ = {
			isa = XCBuildConfiguration;
			buildSettings = {
				ASSETCATALOG_COMPILER_APPICON_NAME = AppIcon;
				INFOPLIST_FILE = PT_4SwiftProject/Info.plist;
				LD_RUNPATH_SEARCH_PATHS = "$(inherited) @executable_path/Frameworks";
				PRODUCT_BUNDLE_IDENTIFIER = "ankurjain.nus.PT-4SwiftProject";
				PRODUCT_NAME = "$(TARGET_NAME)";
			};
			name = Debug;
		};
		47C126971CC4CFC000D346F9 /* Release */ = {
			isa = XCBuildConfiguration;
			buildSettings = {
				ASSETCATALOG_COMPILER_APPICON_NAME = AppIcon;
				INFOPLIST_FILE = PT_4SwiftProject/Info.plist;
				LD_RUNPATH_SEARCH_PATHS = "$(inherited) @executable_path/Frameworks";
				PRODUCT_BUNDLE_IDENTIFIER = "ankurjain.nus.PT-4SwiftProject";
				PRODUCT_NAME = "$(TARGET_NAME)";
			};
			name = Release;
		};
		47C126991CC4CFC000D346F9 /* Debug */ = {
			isa = XCBuildConfiguration;
			buildSettings = {
				BUNDLE_LOADER = "$(TEST_HOST)";
				INFOPLIST_FILE = PT_4SwiftProjectTests/Info.plist;
				LD_RUNPATH_SEARCH_PATHS = "$(inherited) @executable_path/Frameworks @loader_path/Frameworks";
				PRODUCT_BUNDLE_IDENTIFIER = "ankurjain.nus.PT-4SwiftProjectTests";
				PRODUCT_NAME = "$(TARGET_NAME)";
				TEST_HOST = "$(BUILT_PRODUCTS_DIR)/PT_4SwiftProject.app/PT_4SwiftProject";
			};
			name = Debug;
		};
		47C1269A1CC4CFC000D346F9 /* Release */ = {
			isa = XCBuildConfiguration;
			buildSettings = {
				BUNDLE_LOADER = "$(TEST_HOST)";
				INFOPLIST_FILE = PT_4SwiftProjectTests/Info.plist;
				LD_RUNPATH_SEARCH_PATHS = "$(inherited) @executable_path/Frameworks @loader_path/Frameworks";
				PRODUCT_BUNDLE_IDENTIFIER = "ankurjain.nus.PT-4SwiftProjectTests";
				PRODUCT_NAME = "$(TARGET_NAME)";
				TEST_HOST = "$(BUILT_PRODUCTS_DIR)/PT_4SwiftProject.app/PT_4SwiftProject";
			};
			name = Release;
		};
		47C1269C1CC4CFC000D346F9 /* Debug */ = {
			isa = XCBuildConfiguration;
			buildSettings = {
				INFOPLIST_FILE = PT_4SwiftProjectUITests/Info.plist;
				LD_RUNPATH_SEARCH_PATHS = "$(inherited) @executable_path/Frameworks @loader_path/Frameworks";
				PRODUCT_BUNDLE_IDENTIFIER = "ankurjain.nus.PT-4SwiftProjectUITests";
				PRODUCT_NAME = "$(TARGET_NAME)";
				TEST_TARGET_NAME = PT_4SwiftProject;
			};
			name = Debug;
		};
		47C1269D1CC4CFC000D346F9 /* Release */ = {
			isa = XCBuildConfiguration;
			buildSettings = {
				INFOPLIST_FILE = PT_4SwiftProjectUITests/Info.plist;
				LD_RUNPATH_SEARCH_PATHS = "$(inherited) @executable_path/Frameworks @loader_path/Frameworks";
				PRODUCT_BUNDLE_IDENTIFIER = "ankurjain.nus.PT-4SwiftProjectUITests";
				PRODUCT_NAME = "$(TARGET_NAME)";
				TEST_TARGET_NAME = PT_4SwiftProject;
			};
			name = Release;
		};
/* End XCBuildConfiguration section */

/* Begin XCConfigurationList section */
		47C126681CC4CFC000D346F9 /* Build configuration list for PBXProject "PT_4SwiftProject" */ = {
			isa = XCConfigurationList;
			buildConfigurations = (
				47C126931CC4CFC000D346F9 /* Debug */,
				47C126941CC4CFC000D346F9 /* Release */,
			);
			defaultConfigurationIsVisible = 0;
			defaultConfigurationName = Release;
		};
		47C126951CC4CFC000D346F9 /* Build configuration list for PBXNativeTarget "PT_4SwiftProject" */ = {
			isa = XCConfigurationList;
			buildConfigurations = (
				47C126961CC4CFC000D346F9 /* Debug */,
				47C126971CC4CFC000D346F9 /* Release */,
			);
			defaultConfigurationIsVisible = 0;
			defaultConfigurationName = Release;
		};
		47C126981CC4CFC000D346F9 /* Build configuration list for PBXNativeTarget "PT_4SwiftProjectTests" */ = {
			isa = XCConfigurationList;
			buildConfigurations = (
				47C126991CC4CFC000D346F9 /* Debug */,
				47C1269A1CC4CFC000D346F9 /* Release */,
			);
			defaultConfigurationIsVisible = 0;
			defaultConfigurationName = Release;
		};
		47C1269B1CC4CFC000D346F9 /* Build configuration list for PBXNativeTarget "PT_4SwiftProjectUITests" */ = {
			isa = XCConfigurationList;
			buildConfigurations = (
				47C1269C1CC4CFC000D346F9 /* Debug */,
				47C1269D1CC4CFC000D346F9 /* Release */,
			);
			defaultConfigurationIsVisible = 0;
			defaultConfigurationName = Release;
		};
/* End XCConfigurationList section */
	};
	rootObject = 47C126651CC4CFC000D346F9 /* Project object */;
}
